{
    "name": "user-script",
    "version": "1.0.0",
    "lockfileVersion": 3,
    "requires": true,
    "packages": {
        "": {
            "name": "user-script",
            "version": "1.0.0",
            "license": "ISC",
            "dependencies": {
                "@littlescript/url": "*",
                "axios": "^1.4.0",
                "googleapis": "^121.0.0",
                "lodash": "^4.17.21",
                "node-fetch": "^3.3.1",
                "openai": "^3.3.0",
                "puppeteer": "^20.8.1",
                "xvfb": "^0.4.0"
            }
        },
        "node_modules/@babel/code-frame": {
            "version": "7.22.5",
            "license": "MIT",
            "dependencies": {
                "@babel/highlight": "^7.22.5"
            },
            "engines": {
                "node": ">=6.9.0"
            }
        },
        "node_modules/@babel/helper-validator-identifier": {
            "version": "7.22.5",
            "license": "MIT",
            "engines": {
                "node": ">=6.9.0"
            }
        },
        "node_modules/@babel/highlight": {
            "version": "7.22.5",
            "license": "MIT",
            "dependencies": {
                "@babel/helper-validator-identifier": "^7.22.5",
                "chalk": "^2.0.0",
                "js-tokens": "^4.0.0"
            },
            "engines": {
                "node": ">=6.9.0"
            }
        },
        "node_modules/@littlescript/url": {
            "version": "1.0.2",
            "resolved": "https://registry.npmjs.org/@littlescript/url/-/url-1.0.2.tgz",
            "integrity": "sha512-gwLnQq4KMqAEidHIh76j7PFmp0praxuyoU5O2KLEVQVji/VaDeY8fs6iE5aKS7xLlxscbOBEkoh6QZgxbGdD1Q=="
        },
        "node_modules/@puppeteer/browsers": {
            "version": "1.4.4",
            "license": "Apache-2.0",
            "dependencies": {
                "debug": "4.3.4",
                "extract-zip": "2.0.1",
                "progress": "2.0.3",
                "proxy-agent": "6.2.1",
                "tar-fs": "3.0.4",
                "unbzip2-stream": "1.4.3",
                "yargs": "17.7.1"
            },
            "bin": {
                "browsers": "lib/cjs/main-cli.js"
            },
            "engines": {
                "node": ">=16.3.0"
            },
            "peerDependencies": {
                "typescript": ">= 4.7.4"
            },
            "peerDependenciesMeta": {
                "typescript": {
                    "optional": true
                }
            }
        },
        "node_modules/@types/node": {
            "version": "20.4.1",
            "license": "MIT",
            "optional": true
        },
        "node_modules/@types/yauzl": {
            "version": "2.10.0",
            "license": "MIT",
            "optional": true,
            "dependencies": {
                "@types/node": "*"
            }
        },
        "node_modules/acorn": {
            "version": "8.10.0",
            "license": "MIT",
            "bin": {
                "acorn": "bin/acorn"
            },
            "engines": {
                "node": ">=0.4.0"
            }
        },
        "node_modules/acorn-walk": {
            "version": "8.2.0",
            "license": "MIT",
            "engines": {
                "node": ">=0.4.0"
            }
        },
        "node_modules/agent-base": {
            "version": "6.0.2",
            "license": "MIT",
            "dependencies": {
                "debug": "4"
            },
            "engines": {
                "node": ">= 6.0.0"
            }
        },
        "node_modules/ansi-regex": {
            "version": "5.0.1",
            "license": "MIT",
            "engines": {
                "node": ">=8"
            }
        },
        "node_modules/ansi-styles": {
            "version": "3.2.1",
            "license": "MIT",
            "dependencies": {
                "color-convert": "^1.9.0"
            },
            "engines": {
                "node": ">=4"
            }
        },
        "node_modules/argparse": {
            "version": "2.0.1",
            "license": "Python-2.0"
        },
        "node_modules/arrify": {
            "version": "2.0.1",
            "license": "MIT",
            "engines": {
                "node": ">=8"
            }
        },
        "node_modules/ast-types": {
            "version": "0.13.4",
            "license": "MIT",
            "dependencies": {
                "tslib": "^2.0.1"
            },
            "engines": {
                "node": ">=4"
            }
        },
        "node_modules/asynckit": {
            "version": "0.4.0",
            "license": "MIT"
        },
        "node_modules/axios": {
            "version": "1.4.0",
            "license": "MIT",
            "dependencies": {
                "follow-redirects": "^1.15.0",
                "form-data": "^4.0.0",
                "proxy-from-env": "^1.1.0"
            }
        },
        "node_modules/b4a": {
            "version": "1.6.4",
            "license": "ISC"
        },
        "node_modules/base64-js": {
            "version": "1.5.1",
            "funding": [
                {
                    "type": "github",
                    "url": "https://github.com/sponsors/feross"
                },
                {
                    "type": "patreon",
                    "url": "https://www.patreon.com/feross"
                },
                {
                    "type": "consulting",
                    "url": "https://feross.org/support"
                }
            ],
            "license": "MIT"
        },
        "node_modules/basic-ftp": {
            "version": "5.0.3",
            "license": "MIT",
            "engines": {
                "node": ">=10.0.0"
            }
        },
        "node_modules/bignumber.js": {
            "version": "9.1.1",
            "license": "MIT",
            "engines": {
                "node": "*"
            }
        },
        "node_modules/buffer": {
            "version": "5.7.1",
            "funding": [
                {
                    "type": "github",
                    "url": "https://github.com/sponsors/feross"
                },
                {
                    "type": "patreon",
                    "url": "https://www.patreon.com/feross"
                },
                {
                    "type": "consulting",
                    "url": "https://feross.org/support"
                }
            ],
            "license": "MIT",
            "dependencies": {
                "base64-js": "^1.3.1",
                "ieee754": "^1.1.13"
            }
        },
        "node_modules/buffer-crc32": {
            "version": "0.2.13",
            "license": "MIT",
            "engines": {
                "node": "*"
            }
        },
        "node_modules/buffer-equal-constant-time": {
            "version": "1.0.1",
            "license": "BSD-3-Clause"
        },
        "node_modules/call-bind": {
            "version": "1.0.2",
            "license": "MIT",
            "dependencies": {
                "function-bind": "^1.1.1",
                "get-intrinsic": "^1.0.2"
            },
            "funding": {
                "url": "https://github.com/sponsors/ljharb"
            }
        },
        "node_modules/callsites": {
            "version": "3.1.0",
            "license": "MIT",
            "engines": {
                "node": ">=6"
            }
        },
        "node_modules/chalk": {
            "version": "2.4.2",
            "license": "MIT",
            "dependencies": {
                "ansi-styles": "^3.2.1",
                "escape-string-regexp": "^1.0.5",
                "supports-color": "^5.3.0"
            },
            "engines": {
                "node": ">=4"
            }
        },
        "node_modules/chromium-bidi": {
            "version": "0.4.16",
            "license": "Apache-2.0",
            "dependencies": {
                "mitt": "3.0.0"
            },
            "peerDependencies": {
                "devtools-protocol": "*"
            }
        },
        "node_modules/cliui": {
            "version": "8.0.1",
            "license": "ISC",
            "dependencies": {
                "string-width": "^4.2.0",
                "strip-ansi": "^6.0.1",
                "wrap-ansi": "^7.0.0"
            },
            "engines": {
                "node": ">=12"
            }
        },
        "node_modules/color-convert": {
            "version": "1.9.3",
            "license": "MIT",
            "dependencies": {
                "color-name": "1.1.3"
            }
        },
        "node_modules/color-name": {
            "version": "1.1.3",
            "license": "MIT"
        },
        "node_modules/combined-stream": {
            "version": "1.0.8",
            "license": "MIT",
            "dependencies": {
                "delayed-stream": "~1.0.0"
            },
            "engines": {
                "node": ">= 0.8"
            }
        },
        "node_modules/cosmiconfig": {
            "version": "8.2.0",
            "license": "MIT",
            "dependencies": {
                "import-fresh": "^3.2.1",
                "js-yaml": "^4.1.0",
                "parse-json": "^5.0.0",
                "path-type": "^4.0.0"
            },
            "engines": {
                "node": ">=14"
            },
            "funding": {
                "url": "https://github.com/sponsors/d-fischer"
            }
        },
        "node_modules/cross-fetch": {
            "version": "4.0.0",
            "license": "MIT",
            "dependencies": {
                "node-fetch": "^2.6.12"
            }
        },
        "node_modules/cross-fetch/node_modules/node-fetch": {
            "version": "2.6.12",
            "license": "MIT",
            "dependencies": {
                "whatwg-url": "^5.0.0"
            },
            "engines": {
                "node": "4.x || >=6.0.0"
            },
            "peerDependencies": {
                "encoding": "^0.1.0"
            },
            "peerDependenciesMeta": {
                "encoding": {
                    "optional": true
                }
            }
        },
        "node_modules/data-uri-to-buffer": {
            "version": "4.0.1",
            "license": "MIT",
            "engines": {
                "node": ">= 12"
            }
        },
        "node_modules/debug": {
            "version": "4.3.4",
            "license": "MIT",
            "dependencies": {
                "ms": "2.1.2"
            },
            "engines": {
                "node": ">=6.0"
            },
            "peerDependenciesMeta": {
                "supports-color": {
                    "optional": true
                }
            }
        },
        "node_modules/deep-is": {
            "version": "0.1.4",
            "license": "MIT"
        },
        "node_modules/degenerator": {
            "version": "4.0.4",
            "license": "MIT",
            "dependencies": {
                "ast-types": "^0.13.4",
                "escodegen": "^1.14.3",
                "esprima": "^4.0.1",
                "vm2": "^3.9.19"
            },
            "engines": {
                "node": ">= 14"
            }
        },
        "node_modules/delayed-stream": {
            "version": "1.0.0",
            "license": "MIT",
            "engines": {
                "node": ">=0.4.0"
            }
        },
        "node_modules/devtools-protocol": {
            "version": "0.0.1135028",
            "license": "BSD-3-Clause"
        },
        "node_modules/ecdsa-sig-formatter": {
            "version": "1.0.11",
            "license": "Apache-2.0",
            "dependencies": {
                "safe-buffer": "^5.0.1"
            }
        },
        "node_modules/emoji-regex": {
            "version": "8.0.0",
            "license": "MIT"
        },
        "node_modules/end-of-stream": {
            "version": "1.4.4",
            "license": "MIT",
            "dependencies": {
                "once": "^1.4.0"
            }
        },
        "node_modules/error-ex": {
            "version": "1.3.2",
            "license": "MIT",
            "dependencies": {
                "is-arrayish": "^0.2.1"
            }
        },
        "node_modules/escalade": {
            "version": "3.1.1",
            "license": "MIT",
            "engines": {
                "node": ">=6"
            }
        },
        "node_modules/escape-string-regexp": {
            "version": "1.0.5",
            "license": "MIT",
            "engines": {
                "node": ">=0.8.0"
            }
        },
        "node_modules/escodegen": {
            "version": "1.14.3",
            "license": "BSD-2-Clause",
            "dependencies": {
                "esprima": "^4.0.1",
                "estraverse": "^4.2.0",
                "esutils": "^2.0.2",
                "optionator": "^0.8.1"
            },
            "bin": {
                "escodegen": "bin/escodegen.js",
                "esgenerate": "bin/esgenerate.js"
            },
            "engines": {
                "node": ">=4.0"
            },
            "optionalDependencies": {
                "source-map": "~0.6.1"
            }
        },
        "node_modules/esprima": {
            "version": "4.0.1",
            "license": "BSD-2-Clause",
            "bin": {
                "esparse": "bin/esparse.js",
                "esvalidate": "bin/esvalidate.js"
            },
            "engines": {
                "node": ">=4"
            }
        },
        "node_modules/estraverse": {
            "version": "4.3.0",
            "license": "BSD-2-Clause",
            "engines": {
                "node": ">=4.0"
            }
        },
        "node_modules/esutils": {
            "version": "2.0.3",
            "license": "BSD-2-Clause",
            "engines": {
                "node": ">=0.10.0"
            }
        },
        "node_modules/extend": {
            "version": "3.0.2",
            "license": "MIT"
        },
        "node_modules/extract-zip": {
            "version": "2.0.1",
            "license": "BSD-2-Clause",
            "dependencies": {
                "debug": "^4.1.1",
                "get-stream": "^5.1.0",
                "yauzl": "^2.10.0"
            },
            "bin": {
                "extract-zip": "cli.js"
            },
            "engines": {
                "node": ">= 10.17.0"
            },
            "optionalDependencies": {
                "@types/yauzl": "^2.9.1"
            }
        },
        "node_modules/fast-fifo": {
            "version": "1.3.0",
            "license": "MIT"
        },
        "node_modules/fast-levenshtein": {
            "version": "2.0.6",
            "license": "MIT"
        },
        "node_modules/fast-text-encoding": {
            "version": "1.0.6",
            "license": "Apache-2.0"
        },
        "node_modules/fd-slicer": {
            "version": "1.1.0",
            "license": "MIT",
            "dependencies": {
                "pend": "~1.2.0"
            }
        },
        "node_modules/fetch-blob": {
            "version": "3.2.0",
            "funding": [
                {
                    "type": "github",
                    "url": "https://github.com/sponsors/jimmywarting"
                },
                {
                    "type": "paypal",
                    "url": "https://paypal.me/jimmywarting"
                }
            ],
            "license": "MIT",
            "dependencies": {
                "node-domexception": "^1.0.0",
                "web-streams-polyfill": "^3.0.3"
            },
            "engines": {
                "node": "^12.20 || >= 14.13"
            }
        },
        "node_modules/follow-redirects": {
            "version": "1.15.2",
            "funding": [
                {
                    "type": "individual",
                    "url": "https://github.com/sponsors/RubenVerborgh"
                }
            ],
            "license": "MIT",
            "engines": {
                "node": ">=4.0"
            },
            "peerDependenciesMeta": {
                "debug": {
                    "optional": true
                }
            }
        },
        "node_modules/form-data": {
            "version": "4.0.0",
            "license": "MIT",
            "dependencies": {
                "asynckit": "^0.4.0",
                "combined-stream": "^1.0.8",
                "mime-types": "^2.1.12"
            },
            "engines": {
                "node": ">= 6"
            }
        },
        "node_modules/formdata-polyfill": {
            "version": "4.0.10",
            "license": "MIT",
            "dependencies": {
                "fetch-blob": "^3.1.2"
            },
            "engines": {
                "node": ">=12.20.0"
            }
        },
        "node_modules/fs-extra": {
            "version": "8.1.0",
            "license": "MIT",
            "dependencies": {
                "graceful-fs": "^4.2.0",
                "jsonfile": "^4.0.0",
                "universalify": "^0.1.0"
            },
            "engines": {
                "node": ">=6 <7 || >=8"
            }
        },
        "node_modules/function-bind": {
            "version": "1.1.1",
            "license": "MIT"
        },
        "node_modules/gaxios": {
            "version": "5.1.3",
            "license": "Apache-2.0",
            "dependencies": {
                "extend": "^3.0.2",
                "https-proxy-agent": "^5.0.0",
                "is-stream": "^2.0.0",
                "node-fetch": "^2.6.9"
            },
            "engines": {
                "node": ">=12"
            }
        },
        "node_modules/gaxios/node_modules/node-fetch": {
            "version": "2.6.12",
            "license": "MIT",
            "dependencies": {
                "whatwg-url": "^5.0.0"
            },
            "engines": {
                "node": "4.x || >=6.0.0"
            },
            "peerDependencies": {
                "encoding": "^0.1.0"
            },
            "peerDependenciesMeta": {
                "encoding": {
                    "optional": true
                }
            }
        },
        "node_modules/gcp-metadata": {
            "version": "5.3.0",
            "license": "Apache-2.0",
            "dependencies": {
                "gaxios": "^5.0.0",
                "json-bigint": "^1.0.0"
            },
            "engines": {
                "node": ">=12"
            }
        },
        "node_modules/get-caller-file": {
            "version": "2.0.5",
            "license": "ISC",
            "engines": {
                "node": "6.* || 8.* || >= 10.*"
            }
        },
        "node_modules/get-intrinsic": {
            "version": "1.2.1",
            "license": "MIT",
            "dependencies": {
                "function-bind": "^1.1.1",
                "has": "^1.0.3",
                "has-proto": "^1.0.1",
                "has-symbols": "^1.0.3"
            },
            "funding": {
                "url": "https://github.com/sponsors/ljharb"
            }
        },
        "node_modules/get-stream": {
            "version": "5.2.0",
            "license": "MIT",
            "dependencies": {
                "pump": "^3.0.0"
            },
            "engines": {
                "node": ">=8"
            },
            "funding": {
                "url": "https://github.com/sponsors/sindresorhus"
            }
        },
        "node_modules/get-uri": {
            "version": "6.0.1",
            "license": "MIT",
            "dependencies": {
                "basic-ftp": "^5.0.2",
                "data-uri-to-buffer": "^5.0.1",
                "debug": "^4.3.4",
                "fs-extra": "^8.1.0"
            },
            "engines": {
                "node": ">= 14"
            }
        },
        "node_modules/get-uri/node_modules/data-uri-to-buffer": {
            "version": "5.0.1",
            "license": "MIT",
            "engines": {
                "node": ">= 14"
            }
        },
        "node_modules/google-auth-library": {
            "version": "8.9.0",
            "license": "Apache-2.0",
            "dependencies": {
                "arrify": "^2.0.0",
                "base64-js": "^1.3.0",
                "ecdsa-sig-formatter": "^1.0.11",
                "fast-text-encoding": "^1.0.0",
                "gaxios": "^5.0.0",
                "gcp-metadata": "^5.3.0",
                "gtoken": "^6.1.0",
                "jws": "^4.0.0",
                "lru-cache": "^6.0.0"
            },
            "engines": {
                "node": ">=12"
            }
        },
        "node_modules/google-p12-pem": {
            "version": "4.0.1",
            "license": "MIT",
            "dependencies": {
                "node-forge": "^1.3.1"
            },
            "bin": {
                "gp12-pem": "build/src/bin/gp12-pem.js"
            },
            "engines": {
                "node": ">=12.0.0"
            }
        },
        "node_modules/googleapis": {
            "version": "121.0.0",
            "license": "Apache-2.0",
            "dependencies": {
                "google-auth-library": "^8.0.2",
                "googleapis-common": "^6.0.0"
            },
            "engines": {
                "node": ">=12.0.0"
            }
        },
        "node_modules/googleapis-common": {
            "version": "6.0.4",
            "license": "Apache-2.0",
            "dependencies": {
                "extend": "^3.0.2",
                "gaxios": "^5.0.1",
                "google-auth-library": "^8.0.2",
                "qs": "^6.7.0",
                "url-template": "^2.0.8",
                "uuid": "^9.0.0"
            },
            "engines": {
                "node": ">=12.0.0"
            }
        },
        "node_modules/graceful-fs": {
            "version": "4.2.11",
            "license": "ISC"
        },
        "node_modules/gtoken": {
            "version": "6.1.2",
            "license": "MIT",
            "dependencies": {
                "gaxios": "^5.0.1",
                "google-p12-pem": "^4.0.0",
                "jws": "^4.0.0"
            },
            "engines": {
                "node": ">=12.0.0"
            }
        },
        "node_modules/has": {
            "version": "1.0.3",
            "license": "MIT",
            "dependencies": {
                "function-bind": "^1.1.1"
            },
            "engines": {
                "node": ">= 0.4.0"
            }
        },
        "node_modules/has-flag": {
            "version": "3.0.0",
            "license": "MIT",
            "engines": {
                "node": ">=4"
            }
        },
        "node_modules/has-proto": {
            "version": "1.0.1",
            "license": "MIT",
            "engines": {
                "node": ">= 0.4"
            },
            "funding": {
                "url": "https://github.com/sponsors/ljharb"
            }
        },
        "node_modules/has-symbols": {
            "version": "1.0.3",
            "license": "MIT",
            "engines": {
                "node": ">= 0.4"
            },
            "funding": {
                "url": "https://github.com/sponsors/ljharb"
            }
        },
        "node_modules/http-proxy-agent": {
            "version": "7.0.0",
            "license": "MIT",
            "dependencies": {
                "agent-base": "^7.1.0",
                "debug": "^4.3.4"
            },
            "engines": {
                "node": ">= 14"
            }
        },
        "node_modules/http-proxy-agent/node_modules/agent-base": {
            "version": "7.1.0",
            "license": "MIT",
            "dependencies": {
                "debug": "^4.3.4"
            },
            "engines": {
                "node": ">= 14"
            }
        },
        "node_modules/https-proxy-agent": {
            "version": "5.0.1",
            "license": "MIT",
            "dependencies": {
                "agent-base": "6",
                "debug": "4"
            },
            "engines": {
                "node": ">= 6"
            }
        },
        "node_modules/ieee754": {
            "version": "1.2.1",
            "funding": [
                {
                    "type": "github",
                    "url": "https://github.com/sponsors/feross"
                },
                {
                    "type": "patreon",
                    "url": "https://www.patreon.com/feross"
                },
                {
                    "type": "consulting",
                    "url": "https://feross.org/support"
                }
            ],
            "license": "BSD-3-Clause"
        },
        "node_modules/import-fresh": {
            "version": "3.3.0",
            "license": "MIT",
            "dependencies": {
                "parent-module": "^1.0.0",
                "resolve-from": "^4.0.0"
            },
            "engines": {
                "node": ">=6"
            },
            "funding": {
                "url": "https://github.com/sponsors/sindresorhus"
            }
        },
        "node_modules/ip": {
            "version": "1.1.8",
            "license": "MIT"
        },
        "node_modules/is-arrayish": {
            "version": "0.2.1",
            "license": "MIT"
        },
        "node_modules/is-fullwidth-code-point": {
            "version": "3.0.0",
            "license": "MIT",
            "engines": {
                "node": ">=8"
            }
        },
        "node_modules/is-stream": {
            "version": "2.0.1",
            "license": "MIT",
            "engines": {
                "node": ">=8"
            },
            "funding": {
                "url": "https://github.com/sponsors/sindresorhus"
            }
        },
        "node_modules/js-tokens": {
            "version": "4.0.0",
            "license": "MIT"
        },
        "node_modules/js-yaml": {
            "version": "4.1.0",
            "license": "MIT",
            "dependencies": {
                "argparse": "^2.0.1"
            },
            "bin": {
                "js-yaml": "bin/js-yaml.js"
            }
        },
        "node_modules/json-bigint": {
            "version": "1.0.0",
            "license": "MIT",
            "dependencies": {
                "bignumber.js": "^9.0.0"
            }
        },
        "node_modules/json-parse-even-better-errors": {
            "version": "2.3.1",
            "license": "MIT"
        },
        "node_modules/jsonfile": {
            "version": "4.0.0",
            "license": "MIT",
            "optionalDependencies": {
                "graceful-fs": "^4.1.6"
            }
        },
        "node_modules/jwa": {
            "version": "2.0.0",
            "license": "MIT",
            "dependencies": {
                "buffer-equal-constant-time": "1.0.1",
                "ecdsa-sig-formatter": "1.0.11",
                "safe-buffer": "^5.0.1"
            }
        },
        "node_modules/jws": {
            "version": "4.0.0",
            "license": "MIT",
            "dependencies": {
                "jwa": "^2.0.0",
                "safe-buffer": "^5.0.1"
            }
        },
        "node_modules/levn": {
            "version": "0.3.0",
            "license": "MIT",
            "dependencies": {
                "prelude-ls": "~1.1.2",
                "type-check": "~0.3.2"
            },
            "engines": {
                "node": ">= 0.8.0"
            }
        },
        "node_modules/lines-and-columns": {
            "version": "1.2.4",
            "license": "MIT"
        },
        "node_modules/lodash": {
            "version": "4.17.21",
            "license": "MIT"
        },
        "node_modules/lru-cache": {
            "version": "6.0.0",
            "license": "ISC",
            "dependencies": {
                "yallist": "^4.0.0"
            },
            "engines": {
                "node": ">=10"
            }
        },
        "node_modules/mime-db": {
            "version": "1.52.0",
            "license": "MIT",
            "engines": {
                "node": ">= 0.6"
            }
        },
        "node_modules/mime-types": {
            "version": "2.1.35",
            "license": "MIT",
            "dependencies": {
                "mime-db": "1.52.0"
            },
            "engines": {
                "node": ">= 0.6"
            }
        },
        "node_modules/mitt": {
            "version": "3.0.0",
            "license": "MIT"
        },
        "node_modules/mkdirp-classic": {
            "version": "0.5.3",
            "license": "MIT"
        },
        "node_modules/ms": {
            "version": "2.1.2",
            "license": "MIT"
        },
        "node_modules/nan": {
            "version": "2.17.0",
            "license": "MIT",
            "optional": true
        },
        "node_modules/netmask": {
            "version": "2.0.2",
            "license": "MIT",
            "engines": {
                "node": ">= 0.4.0"
            }
        },
        "node_modules/node-domexception": {
            "version": "1.0.0",
            "funding": [
                {
                    "type": "github",
                    "url": "https://github.com/sponsors/jimmywarting"
                },
                {
                    "type": "github",
                    "url": "https://paypal.me/jimmywarting"
                }
            ],
            "license": "MIT",
            "engines": {
                "node": ">=10.5.0"
            }
        },
        "node_modules/node-fetch": {
            "version": "3.3.1",
            "license": "MIT",
            "dependencies": {
                "data-uri-to-buffer": "^4.0.0",
                "fetch-blob": "^3.1.4",
                "formdata-polyfill": "^4.0.10"
            },
            "engines": {
                "node": "^12.20.0 || ^14.13.1 || >=16.0.0"
            },
            "funding": {
                "type": "opencollective",
                "url": "https://opencollective.com/node-fetch"
            }
        },
        "node_modules/node-forge": {
            "version": "1.3.1",
            "license": "(BSD-3-Clause OR GPL-2.0)",
            "engines": {
                "node": ">= 6.13.0"
            }
        },
        "node_modules/object-inspect": {
            "version": "1.12.3",
            "license": "MIT",
            "funding": {
                "url": "https://github.com/sponsors/ljharb"
            }
        },
        "node_modules/once": {
            "version": "1.4.0",
            "license": "ISC",
            "dependencies": {
                "wrappy": "1"
            }
        },
        "node_modules/openai": {
            "version": "3.3.0",
            "license": "MIT",
            "dependencies": {
                "axios": "^0.26.0",
                "form-data": "^4.0.0"
            }
        },
        "node_modules/openai/node_modules/axios": {
            "version": "0.26.1",
            "license": "MIT",
            "dependencies": {
                "follow-redirects": "^1.14.8"
            }
        },
        "node_modules/optionator": {
            "version": "0.8.3",
            "license": "MIT",
            "dependencies": {
                "deep-is": "~0.1.3",
                "fast-levenshtein": "~2.0.6",
                "levn": "~0.3.0",
                "prelude-ls": "~1.1.2",
                "type-check": "~0.3.2",
                "word-wrap": "~1.2.3"
            },
            "engines": {
                "node": ">= 0.8.0"
            }
        },
        "node_modules/pac-proxy-agent": {
            "version": "6.0.3",
            "license": "MIT",
            "dependencies": {
                "agent-base": "^7.0.2",
                "debug": "^4.3.4",
                "get-uri": "^6.0.1",
                "http-proxy-agent": "^7.0.0",
                "https-proxy-agent": "^7.0.0",
                "pac-resolver": "^6.0.1",
                "socks-proxy-agent": "^8.0.1"
            },
            "engines": {
                "node": ">= 14"
            }
        },
        "node_modules/pac-proxy-agent/node_modules/agent-base": {
            "version": "7.1.0",
            "license": "MIT",
            "dependencies": {
                "debug": "^4.3.4"
            },
            "engines": {
                "node": ">= 14"
            }
        },
        "node_modules/pac-proxy-agent/node_modules/https-proxy-agent": {
            "version": "7.0.1",
            "license": "MIT",
            "dependencies": {
                "agent-base": "^7.0.2",
                "debug": "4"
            },
            "engines": {
                "node": ">= 14"
            }
        },
        "node_modules/pac-resolver": {
            "version": "6.0.2",
            "license": "MIT",
            "dependencies": {
                "degenerator": "^4.0.4",
                "ip": "^1.1.8",
                "netmask": "^2.0.2"
            },
            "engines": {
                "node": ">= 14"
            }
        },
        "node_modules/parent-module": {
            "version": "1.0.1",
            "license": "MIT",
            "dependencies": {
                "callsites": "^3.0.0"
            },
            "engines": {
                "node": ">=6"
            }
        },
        "node_modules/parse-json": {
            "version": "5.2.0",
            "license": "MIT",
            "dependencies": {
                "@babel/code-frame": "^7.0.0",
                "error-ex": "^1.3.1",
                "json-parse-even-better-errors": "^2.3.0",
                "lines-and-columns": "^1.1.6"
            },
            "engines": {
                "node": ">=8"
            },
            "funding": {
                "url": "https://github.com/sponsors/sindresorhus"
            }
        },
        "node_modules/path-type": {
            "version": "4.0.0",
            "license": "MIT",
            "engines": {
                "node": ">=8"
            }
        },
        "node_modules/pend": {
            "version": "1.2.0",
            "license": "MIT"
        },
        "node_modules/prelude-ls": {
            "version": "1.1.2",
            "engines": {
                "node": ">= 0.8.0"
            }
        },
        "node_modules/progress": {
            "version": "2.0.3",
            "license": "MIT",
            "engines": {
                "node": ">=0.4.0"
            }
        },
        "node_modules/proxy-agent": {
            "version": "6.2.1",
            "license": "MIT",
            "dependencies": {
                "agent-base": "^7.0.2",
                "debug": "^4.3.4",
                "http-proxy-agent": "^7.0.0",
                "https-proxy-agent": "^7.0.0",
                "lru-cache": "^7.14.1",
                "pac-proxy-agent": "^6.0.3",
                "proxy-from-env": "^1.1.0",
                "socks-proxy-agent": "^8.0.1"
            },
            "engines": {
                "node": ">= 14"
            }
        },
        "node_modules/proxy-agent/node_modules/agent-base": {
            "version": "7.1.0",
            "license": "MIT",
            "dependencies": {
                "debug": "^4.3.4"
            },
            "engines": {
                "node": ">= 14"
            }
        },
        "node_modules/proxy-agent/node_modules/https-proxy-agent": {
            "version": "7.0.1",
            "license": "MIT",
            "dependencies": {
                "agent-base": "^7.0.2",
                "debug": "4"
            },
            "engines": {
                "node": ">= 14"
            }
        },
        "node_modules/proxy-agent/node_modules/lru-cache": {
            "version": "7.18.3",
            "license": "ISC",
            "engines": {
                "node": ">=12"
            }
        },
        "node_modules/proxy-from-env": {
            "version": "1.1.0",
            "license": "MIT"
        },
        "node_modules/pump": {
            "version": "3.0.0",
            "license": "MIT",
            "dependencies": {
                "end-of-stream": "^1.1.0",
                "once": "^1.3.1"
            }
        },
        "node_modules/puppeteer": {
            "version": "20.8.1",
            "hasInstallScript": true,
            "license": "Apache-2.0",
            "dependencies": {
                "@puppeteer/browsers": "1.4.4",
                "cosmiconfig": "8.2.0",
                "puppeteer-core": "20.8.1"
            },
            "engines": {
                "node": ">=16.3.0"
            }
        },
        "node_modules/puppeteer-core": {
            "version": "20.8.1",
            "license": "Apache-2.0",
            "dependencies": {
                "@puppeteer/browsers": "1.4.4",
                "chromium-bidi": "0.4.16",
                "cross-fetch": "4.0.0",
                "debug": "4.3.4",
                "devtools-protocol": "0.0.1135028",
                "ws": "8.13.0"
            },
            "engines": {
                "node": ">=16.3.0"
            },
            "peerDependencies": {
                "typescript": ">= 4.7.4"
            },
            "peerDependenciesMeta": {
                "typescript": {
                    "optional": true
                }
            }
        },
        "node_modules/qs": {
            "version": "6.11.2",
            "license": "BSD-3-Clause",
            "dependencies": {
                "side-channel": "^1.0.4"
            },
            "engines": {
                "node": ">=0.6"
            },
            "funding": {
                "url": "https://github.com/sponsors/ljharb"
            }
        },
        "node_modules/queue-tick": {
            "version": "1.0.1",
            "license": "MIT"
        },
        "node_modules/require-directory": {
            "version": "2.1.1",
            "license": "MIT",
            "engines": {
                "node": ">=0.10.0"
            }
        },
        "node_modules/resolve-from": {
            "version": "4.0.0",
            "license": "MIT",
            "engines": {
                "node": ">=4"
            }
        },
        "node_modules/safe-buffer": {
            "version": "5.2.1",
            "funding": [
                {
                    "type": "github",
                    "url": "https://github.com/sponsors/feross"
                },
                {
                    "type": "patreon",
                    "url": "https://www.patreon.com/feross"
                },
                {
                    "type": "consulting",
                    "url": "https://feross.org/support"
                }
            ],
            "license": "MIT"
        },
        "node_modules/side-channel": {
            "version": "1.0.4",
            "license": "MIT",
            "dependencies": {
                "call-bind": "^1.0.0",
                "get-intrinsic": "^1.0.2",
                "object-inspect": "^1.9.0"
            },
            "funding": {
                "url": "https://github.com/sponsors/ljharb"
            }
        },
        "node_modules/sleep": {
            "version": "6.1.0",
            "license": "MIT",
            "optional": true,
            "dependencies": {
                "nan": "^2.13.2"
            },
            "engines": {
                "node": ">=0.8.0"
            }
        },
        "node_modules/smart-buffer": {
            "version": "4.2.0",
            "license": "MIT",
            "engines": {
                "node": ">= 6.0.0",
                "npm": ">= 3.0.0"
            }
        },
        "node_modules/socks": {
            "version": "2.7.1",
            "license": "MIT",
            "dependencies": {
                "ip": "^2.0.0",
                "smart-buffer": "^4.2.0"
            },
            "engines": {
                "node": ">= 10.13.0",
                "npm": ">= 3.0.0"
            }
        },
        "node_modules/socks-proxy-agent": {
            "version": "8.0.1",
            "license": "MIT",
            "dependencies": {
                "agent-base": "^7.0.1",
                "debug": "^4.3.4",
                "socks": "^2.7.1"
            },
            "engines": {
                "node": ">= 14"
            }
        },
        "node_modules/socks-proxy-agent/node_modules/agent-base": {
            "version": "7.1.0",
            "license": "MIT",
            "dependencies": {
                "debug": "^4.3.4"
            },
            "engines": {
                "node": ">= 14"
            }
        },
        "node_modules/socks/node_modules/ip": {
            "version": "2.0.0",
            "license": "MIT"
        },
        "node_modules/source-map": {
            "version": "0.6.1",
            "license": "BSD-3-Clause",
            "optional": true,
            "engines": {
                "node": ">=0.10.0"
            }
        },
        "node_modules/streamx": {
            "version": "2.15.0",
            "license": "MIT",
            "dependencies": {
                "fast-fifo": "^1.1.0",
                "queue-tick": "^1.0.1"
            }
        },
        "node_modules/string-width": {
            "version": "4.2.3",
            "license": "MIT",
            "dependencies": {
                "emoji-regex": "^8.0.0",
                "is-fullwidth-code-point": "^3.0.0",
                "strip-ansi": "^6.0.1"
            },
            "engines": {
                "node": ">=8"
            }
        },
        "node_modules/strip-ansi": {
            "version": "6.0.1",
            "license": "MIT",
            "dependencies": {
                "ansi-regex": "^5.0.1"
            },
            "engines": {
                "node": ">=8"
            }
        },
        "node_modules/supports-color": {
            "version": "5.5.0",
            "license": "MIT",
            "dependencies": {
                "has-flag": "^3.0.0"
            },
            "engines": {
                "node": ">=4"
            }
        },
        "node_modules/tar-fs": {
            "version": "3.0.4",
            "license": "MIT",
            "dependencies": {
                "mkdirp-classic": "^0.5.2",
                "pump": "^3.0.0",
                "tar-stream": "^3.1.5"
            }
        },
        "node_modules/tar-stream": {
            "version": "3.1.6",
            "license": "MIT",
            "dependencies": {
                "b4a": "^1.6.4",
                "fast-fifo": "^1.2.0",
                "streamx": "^2.15.0"
            }
        },
        "node_modules/through": {
            "version": "2.3.8",
            "license": "MIT"
        },
        "node_modules/tr46": {
            "version": "0.0.3",
            "license": "MIT"
        },
        "node_modules/tslib": {
            "version": "2.6.0",
            "license": "0BSD"
        },
        "node_modules/type-check": {
            "version": "0.3.2",
            "license": "MIT",
            "dependencies": {
                "prelude-ls": "~1.1.2"
            },
            "engines": {
                "node": ">= 0.8.0"
            }
        },
        "node_modules/unbzip2-stream": {
            "version": "1.4.3",
            "license": "MIT",
            "dependencies": {
                "buffer": "^5.2.1",
                "through": "^2.3.8"
            }
        },
        "node_modules/universalify": {
            "version": "0.1.2",
            "license": "MIT",
            "engines": {
                "node": ">= 4.0.0"
            }
        },
        "node_modules/url-template": {
            "version": "2.0.8",
            "license": "BSD"
        },
        "node_modules/uuid": {
            "version": "9.0.0",
            "license": "MIT",
            "bin": {
                "uuid": "dist/bin/uuid"
            }
        },
        "node_modules/vm2": {
            "version": "3.9.19",
            "license": "MIT",
            "dependencies": {
                "acorn": "^8.7.0",
                "acorn-walk": "^8.2.0"
            },
            "bin": {
                "vm2": "bin/vm2"
            },
            "engines": {
                "node": ">=6.0"
            }
        },
        "node_modules/web-streams-polyfill": {
            "version": "3.2.1",
            "license": "MIT",
            "engines": {
                "node": ">= 8"
            }
        },
        "node_modules/webidl-conversions": {
            "version": "3.0.1",
            "license": "BSD-2-Clause"
        },
        "node_modules/whatwg-url": {
            "version": "5.0.0",
            "license": "MIT",
            "dependencies": {
                "tr46": "~0.0.3",
                "webidl-conversions": "^3.0.0"
            }
        },
        "node_modules/word-wrap": {
            "version": "1.2.3",
            "license": "MIT",
            "engines": {
                "node": ">=0.10.0"
            }
        },
        "node_modules/wrap-ansi": {
            "version": "7.0.0",
            "license": "MIT",
            "dependencies": {
                "ansi-styles": "^4.0.0",
                "string-width": "^4.1.0",
                "strip-ansi": "^6.0.0"
            },
            "engines": {
                "node": ">=10"
            },
            "funding": {
                "url": "https://github.com/chalk/wrap-ansi?sponsor=1"
            }
        },
        "node_modules/wrap-ansi/node_modules/ansi-styles": {
            "version": "4.3.0",
            "license": "MIT",
            "dependencies": {
                "color-convert": "^2.0.1"
            },
            "engines": {
                "node": ">=8"
            },
            "funding": {
                "url": "https://github.com/chalk/ansi-styles?sponsor=1"
            }
        },
        "node_modules/wrap-ansi/node_modules/color-convert": {
            "version": "2.0.1",
            "license": "MIT",
            "dependencies": {
                "color-name": "~1.1.4"
            },
            "engines": {
                "node": ">=7.0.0"
            }
        },
        "node_modules/wrap-ansi/node_modules/color-name": {
            "version": "1.1.4",
            "license": "MIT"
        },
        "node_modules/wrappy": {
            "version": "1.0.2",
            "license": "ISC"
        },
        "node_modules/ws": {
            "version": "8.13.0",
            "license": "MIT",
            "engines": {
                "node": ">=10.0.0"
            },
            "peerDependencies": {
                "bufferutil": "^4.0.1",
                "utf-8-validate": ">=5.0.2"
            },
            "peerDependenciesMeta": {
                "bufferutil": {
                    "optional": true
                },
                "utf-8-validate": {
                    "optional": true
                }
            }
        },
        "node_modules/xvfb": {
            "version": "0.4.0",
            "license": "MIT",
            "optionalDependencies": {
                "sleep": "6.1.0"
            }
        },
        "node_modules/y18n": {
            "version": "5.0.8",
            "license": "ISC",
            "engines": {
                "node": ">=10"
            }
        },
        "node_modules/yallist": {
            "version": "4.0.0",
            "license": "ISC"
        },
        "node_modules/yargs": {
            "version": "17.7.1",
            "license": "MIT",
            "dependencies": {
                "cliui": "^8.0.1",
                "escalade": "^3.1.1",
                "get-caller-file": "^2.0.5",
                "require-directory": "^2.1.1",
                "string-width": "^4.2.3",
                "y18n": "^5.0.5",
                "yargs-parser": "^21.1.1"
            },
            "engines": {
                "node": ">=12"
            }
        },
        "node_modules/yargs-parser": {
            "version": "21.1.1",
            "license": "ISC",
            "engines": {
                "node": ">=12"
            }
        },
        "node_modules/yauzl": {
            "version": "2.10.0",
            "license": "MIT",
            "dependencies": {
                "buffer-crc32": "~0.2.3",
                "fd-slicer": "~1.1.0"
            }
        }
    }
}
